
Microsoft Visual Studio Solution File, Format Version 12.00
Project("{2150E333-8FDC-42A3-9474-1A3956D46DE8}") = "Core", "Core", "{851704EC-7B7E-4B2C-8ED5-CE82DC45A68E}"
EndProject
Project("{2150E333-8FDC-42A3-9474-1A3956D46DE8}") = "Infrastructure", "Infrastructure", "{2B31B1C3-D7B8-4043-968F-1D500FD3231A}"
EndProject
Project("{2150E333-8FDC-42A3-9474-1A3956D46DE8}") = "Presentation", "Presentation", "{DFBAF134-FB3E-4B27-AF71-C7DD31EE7E47}"
EndProject
Project("{FAE04EC0-301F-11D3-BF4B-00C04F79EFBC}") = "BikeShop.Identity.Domain", "BikeShop.Identity.Domain\BikeShop.Identity.Domain.csproj", "{8FB0611C-CB44-4926-BA95-3B41DF333093}"
EndProject
Project("{FAE04EC0-301F-11D3-BF4B-00C04F79EFBC}") = "BikeShop.Identity.Application", "BikeShop.Identity.Application\BikeShop.Identity.Application.csproj", "{A63E7339-BDAB-4DC8-A779-92B9026B0DFC}"
EndProject
Project("{FAE04EC0-301F-11D3-BF4B-00C04F79EFBC}") = "BikeShop.Identity.Persistence", "BikeShop.Identity.Persistence\BikeShop.Identity.Persistence.csproj", "{54D7C213-E093-4140-8A76-F17F558A021F}"
EndProject
Project("{FAE04EC0-301F-11D3-BF4B-00C04F79EFBC}") = "BikeShop.Identity.WebApi", "BikeShop.Identity.WebApi\BikeShop.Identity.WebApi.csproj", "{ED4EBC28-E56C-4D58-A5A1-09E30A2DA494}"
EndProject
Global
	GlobalSection(SolutionConfigurationPlatforms) = preSolution
		Debug|Any CPU = Debug|Any CPU
		Release|Any CPU = Release|Any CPU
	EndGlobalSection
	GlobalSection(NestedProjects) = preSolution
		{8FB0611C-CB44-4926-BA95-3B41DF333093} = {851704EC-7B7E-4B2C-8ED5-CE82DC45A68E}
		{A63E7339-BDAB-4DC8-A779-92B9026B0DFC} = {851704EC-7B7E-4B2C-8ED5-CE82DC45A68E}
		{54D7C213-E093-4140-8A76-F17F558A021F} = {2B31B1C3-D7B8-4043-968F-1D500FD3231A}
		{ED4EBC28-E56C-4D58-A5A1-09E30A2DA494} = {DFBAF134-FB3E-4B27-AF71-C7DD31EE7E47}
	EndGlobalSection
	GlobalSection(ProjectConfigurationPlatforms) = postSolution
		{8FB0611C-CB44-4926-BA95-3B41DF333093}.Debug|Any CPU.ActiveCfg = Debug|Any CPU
		{8FB0611C-CB44-4926-BA95-3B41DF333093}.Debug|Any CPU.Build.0 = Debug|Any CPU
		{8FB0611C-CB44-4926-BA95-3B41DF333093}.Release|Any CPU.ActiveCfg = Release|Any CPU
		{8FB0611C-CB44-4926-BA95-3B41DF333093}.Release|Any CPU.Build.0 = Release|Any CPU
		{A63E7339-BDAB-4DC8-A779-92B9026B0DFC}.Debug|Any CPU.ActiveCfg = Debug|Any CPU
		{A63E7339-BDAB-4DC8-A779-92B9026B0DFC}.Debug|Any CPU.Build.0 = Debug|Any CPU
		{A63E7339-BDAB-4DC8-A779-92B9026B0DFC}.Release|Any CPU.ActiveCfg = Release|Any CPU
		{A63E7339-BDAB-4DC8-A779-92B9026B0DFC}.Release|Any CPU.Build.0 = Release|Any CPU
		{54D7C213-E093-4140-8A76-F17F558A021F}.Debug|Any CPU.ActiveCfg = Debug|Any CPU
		{54D7C213-E093-4140-8A76-F17F558A021F}.Debug|Any CPU.Build.0 = Debug|Any CPU
		{54D7C213-E093-4140-8A76-F17F558A021F}.Release|Any CPU.ActiveCfg = Release|Any CPU
		{54D7C213-E093-4140-8A76-F17F558A021F}.Release|Any CPU.Build.0 = Release|Any CPU
		{ED4EBC28-E56C-4D58-A5A1-09E30A2DA494}.Debug|Any CPU.ActiveCfg = Debug|Any CPU
		{ED4EBC28-E56C-4D58-A5A1-09E30A2DA494}.Debug|Any CPU.Build.0 = Debug|Any CPU
		{ED4EBC28-E56C-4D58-A5A1-09E30A2DA494}.Release|Any CPU.ActiveCfg = Release|Any CPU
		{ED4EBC28-E56C-4D58-A5A1-09E30A2DA494}.Release|Any CPU.Build.0 = Release|Any CPU
	EndGlobalSection
EndGlobal
